
Microsoft Visual Studio Solution File, Format Version 12.00
# Visual Studio Version 17
VisualStudioVersion = 17.6.33815.320
MinimumVisualStudioVersion = 10.0.40219.1
Project("{9A19103F-16F7-4668-BE54-9A1E7A4F7556}") = "fibonacci", "fibonacci\fibonacci.csproj", "{8A0C244B-8C6A-4CA6-B4E8-D66C2E8886FC}"
EndProject
Project("{9A19103F-16F7-4668-BE54-9A1E7A4F7556}") = "Pascal", "Pascal\Pascal.csproj", "{1907354F-40D4-4769-BBFE-ECB041A74243}"
EndProject
Project("{9A19103F-16F7-4668-BE54-9A1E7A4F7556}") = "villogogomb", "villogogomb\villogogomb.csproj", "{26708A3C-FFBC-4F03-BC47-5E741A510591}"
EndProject
Project("{9A19103F-16F7-4668-BE54-9A1E7A4F7556}") = "SzamoloGomb", "SzamoloGomb\SzamoloGomb.csproj", "{17724ED1-0A89-4FFF-97E8-E5FD80E06099}"
EndProject
Project("{9A19103F-16F7-4668-BE54-9A1E7A4F7556}") = "hajos_kviz", "hajos_kviz\hajos_kviz.csproj", "{AD82F448-7DA9-4939-814E-09BD27233EF0}"
EndProject
Project("{9A19103F-16F7-4668-BE54-9A1E7A4F7556}") = "kigyosJatek", "kigyosJatek\kigyosJatek.csproj", "{F33DBF6A-067D-4A08-8966-CFDDE79DC546}"
EndProject
Project("{FAE04EC0-301F-11D3-BF4B-00C04F79EFBC}") = "AdatKötés", "AdatKötés\AdatKötés.csproj", "{5CCE6EF0-D324-4CE9-BD97-5B3F36836165}"
EndProject
Global
	GlobalSection(SolutionConfigurationPlatforms) = preSolution
		Debug|Any CPU = Debug|Any CPU
		Release|Any CPU = Release|Any CPU
	EndGlobalSection
	GlobalSection(ProjectConfigurationPlatforms) = postSolution
		{8A0C244B-8C6A-4CA6-B4E8-D66C2E8886FC}.Debug|Any CPU.ActiveCfg = Debug|Any CPU
		{8A0C244B-8C6A-4CA6-B4E8-D66C2E8886FC}.Debug|Any CPU.Build.0 = Debug|Any CPU
		{8A0C244B-8C6A-4CA6-B4E8-D66C2E8886FC}.Release|Any CPU.ActiveCfg = Release|Any CPU
		{8A0C244B-8C6A-4CA6-B4E8-D66C2E8886FC}.Release|Any CPU.Build.0 = Release|Any CPU
		{1907354F-40D4-4769-BBFE-ECB041A74243}.Debug|Any CPU.ActiveCfg = Debug|Any CPU
		{1907354F-40D4-4769-BBFE-ECB041A74243}.Debug|Any CPU.Build.0 = Debug|Any CPU
		{1907354F-40D4-4769-BBFE-ECB041A74243}.Release|Any CPU.ActiveCfg = Release|Any CPU
		{1907354F-40D4-4769-BBFE-ECB041A74243}.Release|Any CPU.Build.0 = Release|Any CPU
		{26708A3C-FFBC-4F03-BC47-5E741A510591}.Debug|Any CPU.ActiveCfg = Debug|Any CPU
		{26708A3C-FFBC-4F03-BC47-5E741A510591}.Debug|Any CPU.Build.0 = Debug|Any CPU
		{26708A3C-FFBC-4F03-BC47-5E741A510591}.Release|Any CPU.ActiveCfg = Release|Any CPU
		{26708A3C-FFBC-4F03-BC47-5E741A510591}.Release|Any CPU.Build.0 = Release|Any CPU
		{17724ED1-0A89-4FFF-97E8-E5FD80E06099}.Debug|Any CPU.ActiveCfg = Debug|Any CPU
		{17724ED1-0A89-4FFF-97E8-E5FD80E06099}.Debug|Any CPU.Build.0 = Debug|Any CPU
		{17724ED1-0A89-4FFF-97E8-E5FD80E06099}.Release|Any CPU.ActiveCfg = Release|Any CPU
		{17724ED1-0A89-4FFF-97E8-E5FD80E06099}.Release|Any CPU.Build.0 = Release|Any CPU
		{AD82F448-7DA9-4939-814E-09BD27233EF0}.Debug|Any CPU.ActiveCfg = Debug|Any CPU
		{AD82F448-7DA9-4939-814E-09BD27233EF0}.Debug|Any CPU.Build.0 = Debug|Any CPU
		{AD82F448-7DA9-4939-814E-09BD27233EF0}.Release|Any CPU.ActiveCfg = Release|Any CPU
		{AD82F448-7DA9-4939-814E-09BD27233EF0}.Release|Any CPU.Build.0 = Release|Any CPU
		{F33DBF6A-067D-4A08-8966-CFDDE79DC546}.Debug|Any CPU.ActiveCfg = Debug|Any CPU
		{F33DBF6A-067D-4A08-8966-CFDDE79DC546}.Debug|Any CPU.Build.0 = Debug|Any CPU
		{F33DBF6A-067D-4A08-8966-CFDDE79DC546}.Release|Any CPU.ActiveCfg = Release|Any CPU
		{F33DBF6A-067D-4A08-8966-CFDDE79DC546}.Release|Any CPU.Build.0 = Release|Any CPU
		{5CCE6EF0-D324-4CE9-BD97-5B3F36836165}.Debug|Any CPU.ActiveCfg = Debug|Any CPU
		{5CCE6EF0-D324-4CE9-BD97-5B3F36836165}.Debug|Any CPU.Build.0 = Debug|Any CPU
		{5CCE6EF0-D324-4CE9-BD97-5B3F36836165}.Release|Any CPU.ActiveCfg = Release|Any CPU
		{5CCE6EF0-D324-4CE9-BD97-5B3F36836165}.Release|Any CPU.Build.0 = Release|Any CPU
	EndGlobalSection
	GlobalSection(SolutionProperties) = preSolution
		HideSolutionNode = FALSE
	EndGlobalSection
	GlobalSection(ExtensibilityGlobals) = postSolution
		SolutionGuid = {3EF64720-89BC-47C7-B6BE-910C65EDAC86}
	EndGlobalSection
EndGlobal
